
Microsoft Visual Studio Solution File, Format Version 12.00
# Visual Studio Version 16
VisualStudioVersion = 16.0.30804.86
MinimumVisualStudioVersion = 10.0.40219.1
Project("{9A19103F-16F7-4668-BE54-9A1E7A4F7556}") = "StatsSharp", "StatsSharp\StatsSharp.csproj", "{5050CABB-20AD-4A92-9131-17B45E7E7CE5}"
EndProject
Project("{9A19103F-16F7-4668-BE54-9A1E7A4F7556}") = "StatsSharp.Extensions", "StatsSharp.Extensions\StatsSharp.Extensions.csproj", "{7C76DD4C-C50A-4312-B75E-79A7EB89EFA6}"
EndProject
Project("{9A19103F-16F7-4668-BE54-9A1E7A4F7556}") = "StatsSharp.Statistics.StatisticalTest", "StatsSharp.Statistics.StatisticalTest\StatsSharp.Statistics.StatisticalTest.csproj", "{D4465226-525E-46D2-910B-BE48E7E9B95B}"
EndProject
Project("{9A19103F-16F7-4668-BE54-9A1E7A4F7556}") = "StatsSharp.Probability", "StatsSharp.Probability\StatsSharp.Probability.csproj", "{5C8E6E3A-B37B-4E97-B878-443B59A094CB}"
EndProject
Project("{9A19103F-16F7-4668-BE54-9A1E7A4F7556}") = "StatsSharp.Test.Statistics.StatisticalTest", "StatsSharp.Test.Statistics.StatisticalTest\StatsSharp.Test.Statistics.StatisticalTest.csproj", "{426E0B28-BFAF-4DAC-9885-CCBB3C59E5C8}"
EndProject
Project("{FAE04EC0-301F-11D3-BF4B-00C04F79EFBC}") = "StatsSharp.Test.Probability", "StatsSharp.Test.Probability\StatsSharp.Test.Probability.csproj", "{D3172B7F-9EB0-4D7A-BCB9-79E9F609BE4C}"
EndProject
Global
	GlobalSection(SolutionConfigurationPlatforms) = preSolution
		Debug|Any CPU = Debug|Any CPU
		Release|Any CPU = Release|Any CPU
	EndGlobalSection
	GlobalSection(ProjectConfigurationPlatforms) = postSolution
		{5050CABB-20AD-4A92-9131-17B45E7E7CE5}.Debug|Any CPU.ActiveCfg = Debug|Any CPU
		{5050CABB-20AD-4A92-9131-17B45E7E7CE5}.Debug|Any CPU.Build.0 = Debug|Any CPU
		{5050CABB-20AD-4A92-9131-17B45E7E7CE5}.Release|Any CPU.ActiveCfg = Release|Any CPU
		{5050CABB-20AD-4A92-9131-17B45E7E7CE5}.Release|Any CPU.Build.0 = Release|Any CPU
		{7C76DD4C-C50A-4312-B75E-79A7EB89EFA6}.Debug|Any CPU.ActiveCfg = Debug|Any CPU
		{7C76DD4C-C50A-4312-B75E-79A7EB89EFA6}.Debug|Any CPU.Build.0 = Debug|Any CPU
		{7C76DD4C-C50A-4312-B75E-79A7EB89EFA6}.Release|Any CPU.ActiveCfg = Release|Any CPU
		{7C76DD4C-C50A-4312-B75E-79A7EB89EFA6}.Release|Any CPU.Build.0 = Release|Any CPU
		{D4465226-525E-46D2-910B-BE48E7E9B95B}.Debug|Any CPU.ActiveCfg = Debug|Any CPU
		{D4465226-525E-46D2-910B-BE48E7E9B95B}.Debug|Any CPU.Build.0 = Debug|Any CPU
		{D4465226-525E-46D2-910B-BE48E7E9B95B}.Release|Any CPU.ActiveCfg = Release|Any CPU
		{D4465226-525E-46D2-910B-BE48E7E9B95B}.Release|Any CPU.Build.0 = Release|Any CPU
		{5C8E6E3A-B37B-4E97-B878-443B59A094CB}.Debug|Any CPU.ActiveCfg = Debug|Any CPU
		{5C8E6E3A-B37B-4E97-B878-443B59A094CB}.Debug|Any CPU.Build.0 = Debug|Any CPU
		{5C8E6E3A-B37B-4E97-B878-443B59A094CB}.Release|Any CPU.ActiveCfg = Release|Any CPU
		{5C8E6E3A-B37B-4E97-B878-443B59A094CB}.Release|Any CPU.Build.0 = Release|Any CPU
		{426E0B28-BFAF-4DAC-9885-CCBB3C59E5C8}.Debug|Any CPU.ActiveCfg = Debug|Any CPU
		{426E0B28-BFAF-4DAC-9885-CCBB3C59E5C8}.Debug|Any CPU.Build.0 = Debug|Any CPU
		{426E0B28-BFAF-4DAC-9885-CCBB3C59E5C8}.Release|Any CPU.ActiveCfg = Release|Any CPU
		{426E0B28-BFAF-4DAC-9885-CCBB3C59E5C8}.Release|Any CPU.Build.0 = Release|Any CPU
		{D3172B7F-9EB0-4D7A-BCB9-79E9F609BE4C}.Debug|Any CPU.ActiveCfg = Debug|Any CPU
		{D3172B7F-9EB0-4D7A-BCB9-79E9F609BE4C}.Debug|Any CPU.Build.0 = Debug|Any CPU
		{D3172B7F-9EB0-4D7A-BCB9-79E9F609BE4C}.Release|Any CPU.ActiveCfg = Release|Any CPU
		{D3172B7F-9EB0-4D7A-BCB9-79E9F609BE4C}.Release|Any CPU.Build.0 = Release|Any CPU
	EndGlobalSection
	GlobalSection(SolutionProperties) = preSolution
		HideSolutionNode = FALSE
	EndGlobalSection
	GlobalSection(ExtensibilityGlobals) = postSolution
		SolutionGuid = {5E28E8F8-C839-4189-ACC8-80D55B1A3458}
	EndGlobalSection
EndGlobal
